
Microsoft Visual Studio Solution File, Format Version 12.00
# Visual Studio 15
VisualStudioVersion = 15.0.27004.2002
MinimumVisualStudioVersion = 10.0.40219.1
Project("{FAE04EC0-301F-11D3-BF4B-00C04F79EFBC}") = "StockSystem", "StockSystem\StockSystem.csproj", "{AE162A44-7508-4560-820F-C2017631BCF9}"
EndProject
Global
	GlobalSection(SolutionConfigurationPlatforms) = preSolution
		Debug|Any CPU = Debug|Any CPU
		Release|Any CPU = Release|Any CPU
	EndGlobalSection
	GlobalSection(ProjectConfigurationPlatforms) = postSolution
		{AE162A44-7508-4560-820F-C2017631BCF9}.Debug|Any CPU.ActiveCfg = Debug|Any CPU
		{AE162A44-7508-4560-820F-C2017631BCF9}.Debug|Any CPU.Build.0 = Debug|Any CPU
		{AE162A44-7508-4560-820F-C2017631BCF9}.Release|Any CPU.ActiveCfg = Release|Any CPU
		{AE162A44-7508-4560-820F-C2017631BCF9}.Release|Any CPU.Build.0 = Release|Any CPU
	EndGlobalSection
	GlobalSection(SolutionProperties) = preSolution
		HideSolutionNode = FALSE
	EndGlobalSection
	GlobalSection(ExtensibilityGlobals) = postSolution
		SolutionGuid = {4DA43E0E-F546-4F0B-9BBA-A21A9828822F}
	EndGlobalSection
EndGlobal
